{
    "version": 3,
    "terraform_version": "0.11.14",
    "serial": 26,
    "lineage": "d3d12b7f-a6e0-c64e-10c7-9df3642c06ce",
    "modules": [
        {
            "path": [
                "root"
            ],
            "outputs": {
                "inspec_jumpstart_public_ip": {
                    "sensitive": false,
                    "type": "list",
                    "value": [
                        "3.81.71.228",
                        "100.24.70.125",
                        "52.91.36.28"
                    ]
                }
            },
            "resources": {
                "aws_instance.inspec_jumpstart.0": {
                    "type": "aws_instance",
                    "depends_on": [
                        "aws_security_group.inspec_jumpstart",
                        "aws_subnet.inspec_jumpstart_subnet",
                        "data.template_file.setup",
                        "random_id.instance_id"
                    ],
                    "primary": {
                        "id": "i-03369c59587ae83d7",
                        "attributes": {
                            "ami": "ami-0f83ed235027fa2e7",
                            "arn": "arn:aws:ec2:us-east-1:496323866215:instance/i-03369c59587ae83d7",
                            "associate_public_ip_address": "true",
                            "availability_zone": "us-east-1a",
                            "cpu_core_count": "1",
                            "cpu_threads_per_core": "2",
                            "credit_specification.#": "1",
                            "credit_specification.0.cpu_credits": "unlimited",
                            "disable_api_termination": "false",
                            "ebs_block_device.#": "0",
                            "ebs_optimized": "false",
                            "ephemeral_block_device.#": "0",
                            "get_password_data": "false",
                            "hibernation": "false",
                            "iam_instance_profile": "",
                            "id": "i-03369c59587ae83d7",
                            "instance_state": "running",
                            "instance_type": "t3.micro",
                            "ipv6_address_count": "0",
                            "ipv6_addresses.#": "0",
                            "key_name": "dmontanez-aws",
                            "metadata_options.#": "1",
                            "metadata_options.0.http_endpoint": "enabled",
                            "metadata_options.0.http_put_response_hop_limit": "1",
                            "metadata_options.0.http_tokens": "optional",
                            "monitoring": "false",
                            "network_interface.#": "0",
                            "outpost_arn": "",
                            "password_data": "",
                            "placement_group": "",
                            "primary_network_interface_id": "eni-0a055e559126a0bcc",
                            "private_dns": "ip-10-0-1-127.ec2.internal",
                            "private_ip": "10.0.1.127",
                            "public_dns": "",
                            "public_ip": "3.81.71.228",
                            "root_block_device.#": "1",
                            "root_block_device.0.delete_on_termination": "false",
                            "root_block_device.0.device_name": "/dev/sda1",
                            "root_block_device.0.encrypted": "false",
                            "root_block_device.0.iops": "100",
                            "root_block_device.0.kms_key_id": "",
                            "root_block_device.0.volume_id": "vol-0b5203e35df0797a4",
                            "root_block_device.0.volume_size": "8",
                            "root_block_device.0.volume_type": "gp2",
                            "security_groups.#": "0",
                            "source_dest_check": "true",
                            "subnet_id": "subnet-01a69700537b4c81b",
                            "tags.%": "7",
                            "tags.Name": "inspec_jumpstart_37f4e77c",
                            "tags.X-Application": "inspec-training",
                            "tags.X-Contact": "dmontanez@chef.io",
                            "tags.X-Customer": "test",
                            "tags.X-Dept": "sales",
                            "tags.X-Project": "danf",
                            "tags.X-TTL": "4",
                            "tenancy": "default",
                            "volume_tags.%": "0",
                            "vpc_security_group_ids.#": "1",
                            "vpc_security_group_ids.2048119923": "sg-07778326ff17c00e4"
                        },
                        "meta": {
                            "e2bfb730-ecaa-11e6-8f88-34363bc7c4c0": {
                                "create": 600000000000,
                                "delete": 1200000000000,
                                "update": 600000000000
                            },
                            "schema_version": "1"
                        },
                        "tainted": false
                    },
                    "deposed": [],
                    "provider": "provider.aws"
                },
                "aws_instance.inspec_jumpstart.1": {
                    "type": "aws_instance",
                    "depends_on": [
                        "aws_security_group.inspec_jumpstart",
                        "aws_subnet.inspec_jumpstart_subnet",
                        "data.template_file.setup",
                        "random_id.instance_id"
                    ],
                    "primary": {
                        "id": "i-0cdd7219b8dd7d26f",
                        "attributes": {
                            "ami": "ami-0f83ed235027fa2e7",
                            "arn": "arn:aws:ec2:us-east-1:496323866215:instance/i-0cdd7219b8dd7d26f",
                            "associate_public_ip_address": "true",
                            "availability_zone": "us-east-1a",
                            "cpu_core_count": "1",
                            "cpu_threads_per_core": "2",
                            "credit_specification.#": "1",
                            "credit_specification.0.cpu_credits": "unlimited",
                            "disable_api_termination": "false",
                            "ebs_block_device.#": "0",
                            "ebs_optimized": "false",
                            "ephemeral_block_device.#": "0",
                            "get_password_data": "false",
                            "hibernation": "false",
                            "iam_instance_profile": "",
                            "id": "i-0cdd7219b8dd7d26f",
                            "instance_state": "running",
                            "instance_type": "t3.micro",
                            "ipv6_address_count": "0",
                            "ipv6_addresses.#": "0",
                            "key_name": "dmontanez-aws",
                            "metadata_options.#": "1",
                            "metadata_options.0.http_endpoint": "enabled",
                            "metadata_options.0.http_put_response_hop_limit": "1",
                            "metadata_options.0.http_tokens": "optional",
                            "monitoring": "false",
                            "network_interface.#": "0",
                            "outpost_arn": "",
                            "password_data": "",
                            "placement_group": "",
                            "primary_network_interface_id": "eni-001a4e91a5113fd58",
                            "private_dns": "ip-10-0-1-99.ec2.internal",
                            "private_ip": "10.0.1.99",
                            "public_dns": "",
                            "public_ip": "100.24.70.125",
                            "root_block_device.#": "1",
                            "root_block_device.0.delete_on_termination": "false",
                            "root_block_device.0.device_name": "/dev/sda1",
                            "root_block_device.0.encrypted": "false",
                            "root_block_device.0.iops": "100",
                            "root_block_device.0.kms_key_id": "",
                            "root_block_device.0.volume_id": "vol-0f17b06fa09842eb8",
                            "root_block_device.0.volume_size": "8",
                            "root_block_device.0.volume_type": "gp2",
                            "security_groups.#": "0",
                            "source_dest_check": "true",
                            "subnet_id": "subnet-01a69700537b4c81b",
                            "tags.%": "7",
                            "tags.Name": "inspec_jumpstart_37f4e77c",
                            "tags.X-Application": "inspec-training",
                            "tags.X-Contact": "dmontanez@chef.io",
                            "tags.X-Customer": "test",
                            "tags.X-Dept": "sales",
                            "tags.X-Project": "danf",
                            "tags.X-TTL": "4",
                            "tenancy": "default",
                            "volume_tags.%": "0",
                            "vpc_security_group_ids.#": "1",
                            "vpc_security_group_ids.2048119923": "sg-07778326ff17c00e4"
                        },
                        "meta": {
                            "e2bfb730-ecaa-11e6-8f88-34363bc7c4c0": {
                                "create": 600000000000,
                                "delete": 1200000000000,
                                "update": 600000000000
                            },
                            "schema_version": "1"
                        },
                        "tainted": false
                    },
                    "deposed": [],
                    "provider": "provider.aws"
                },
                "aws_instance.inspec_jumpstart.2": {
                    "type": "aws_instance",
                    "depends_on": [
                        "aws_security_group.inspec_jumpstart",
                        "aws_subnet.inspec_jumpstart_subnet",
                        "data.template_file.setup",
                        "random_id.instance_id"
                    ],
                    "primary": {
                        "id": "i-05f65785cf0c02a0f",
                        "attributes": {
                            "ami": "ami-0f83ed235027fa2e7",
                            "arn": "arn:aws:ec2:us-east-1:496323866215:instance/i-05f65785cf0c02a0f",
                            "associate_public_ip_address": "true",
                            "availability_zone": "us-east-1a",
                            "cpu_core_count": "1",
                            "cpu_threads_per_core": "2",
                            "credit_specification.#": "1",
                            "credit_specification.0.cpu_credits": "unlimited",
                            "disable_api_termination": "false",
                            "ebs_block_device.#": "0",
                            "ebs_optimized": "false",
                            "ephemeral_block_device.#": "0",
                            "get_password_data": "false",
                            "hibernation": "false",
                            "iam_instance_profile": "",
                            "id": "i-05f65785cf0c02a0f",
                            "instance_state": "running",
                            "instance_type": "t3.micro",
                            "ipv6_address_count": "0",
                            "ipv6_addresses.#": "0",
                            "key_name": "dmontanez-aws",
                            "metadata_options.#": "1",
                            "metadata_options.0.http_endpoint": "enabled",
                            "metadata_options.0.http_put_response_hop_limit": "1",
                            "metadata_options.0.http_tokens": "optional",
                            "monitoring": "false",
                            "network_interface.#": "0",
                            "outpost_arn": "",
                            "password_data": "",
                            "placement_group": "",
                            "primary_network_interface_id": "eni-0fabbd6f5bfbb8192",
                            "private_dns": "ip-10-0-1-181.ec2.internal",
                            "private_ip": "10.0.1.181",
                            "public_dns": "",
                            "public_ip": "52.91.36.28",
                            "root_block_device.#": "1",
                            "root_block_device.0.delete_on_termination": "false",
                            "root_block_device.0.device_name": "/dev/sda1",
                            "root_block_device.0.encrypted": "false",
                            "root_block_device.0.iops": "100",
                            "root_block_device.0.kms_key_id": "",
                            "root_block_device.0.volume_id": "vol-046b4e921112e3c02",
                            "root_block_device.0.volume_size": "8",
                            "root_block_device.0.volume_type": "gp2",
                            "security_groups.#": "0",
                            "source_dest_check": "true",
                            "subnet_id": "subnet-01a69700537b4c81b",
                            "tags.%": "7",
                            "tags.Name": "inspec_jumpstart_37f4e77c",
                            "tags.X-Application": "inspec-training",
                            "tags.X-Contact": "dmontanez@chef.io",
                            "tags.X-Customer": "test",
                            "tags.X-Dept": "sales",
                            "tags.X-Project": "danf",
                            "tags.X-TTL": "4",
                            "tenancy": "default",
                            "volume_tags.%": "0",
                            "vpc_security_group_ids.#": "1",
                            "vpc_security_group_ids.2048119923": "sg-07778326ff17c00e4"
                        },
                        "meta": {
                            "e2bfb730-ecaa-11e6-8f88-34363bc7c4c0": {
                                "create": 600000000000,
                                "delete": 1200000000000,
                                "update": 600000000000
                            },
                            "schema_version": "1"
                        },
                        "tainted": false
                    },
                    "deposed": [],
                    "provider": "provider.aws"
                },
                "aws_internet_gateway.inspec_jumpstart_gateway": {
                    "type": "aws_internet_gateway",
                    "depends_on": [
                        "aws_vpc.inspec_jumpstart_vpc"
                    ],
                    "primary": {
                        "id": "igw-0a4ab68ed33d84dbd",
                        "attributes": {
                            "id": "igw-0a4ab68ed33d84dbd",
                            "owner_id": "496323866215",
                            "tags.%": "1",
                            "tags.Name": "danf_inspec_jumpstart_gateway-inspec-training",
                            "vpc_id": "vpc-024f8c3f911edd394"
                        },
                        "meta": {},
                        "tainted": false
                    },
                    "deposed": [],
                    "provider": "provider.aws"
                },
                "aws_route.inspec_jumpstart_internet_access": {
                    "type": "aws_route",
                    "depends_on": [
                        "aws_internet_gateway.inspec_jumpstart_gateway",
                        "aws_vpc.inspec_jumpstart_vpc"
                    ],
                    "primary": {
                        "id": "r-rtb-0f61af6e158d647f01080289494",
                        "attributes": {
                            "destination_cidr_block": "0.0.0.0/0",
                            "destination_prefix_list_id": "",
                            "egress_only_gateway_id": "",
                            "gateway_id": "igw-0a4ab68ed33d84dbd",
                            "id": "r-rtb-0f61af6e158d647f01080289494",
                            "instance_id": "",
                            "instance_owner_id": "",
                            "nat_gateway_id": "",
                            "network_interface_id": "",
                            "origin": "CreateRoute",
                            "route_table_id": "rtb-0f61af6e158d647f0",
                            "state": "active",
                            "transit_gateway_id": "",
                            "vpc_peering_connection_id": ""
                        },
                        "meta": {
                            "e2bfb730-ecaa-11e6-8f88-34363bc7c4c0": {
                                "create": 120000000000,
                                "delete": 300000000000
                            }
                        },
                        "tainted": false
                    },
                    "deposed": [],
                    "provider": "provider.aws"
                },
                "aws_security_group.inspec_jumpstart": {
                    "type": "aws_security_group",
                    "depends_on": [
                        "aws_vpc.inspec_jumpstart_vpc",
                        "random_id.instance_id"
                    ],
                    "primary": {
                        "id": "sg-07778326ff17c00e4",
                        "attributes": {
                            "arn": "arn:aws:ec2:us-east-1:496323866215:security-group/sg-07778326ff17c00e4",
                            "description": "base rules for inspec_jumpstart workshop",
                            "egress.#": "0",
                            "id": "sg-07778326ff17c00e4",
                            "ingress.#": "0",
                            "name": "inspec_jumpstart_37f4e77c",
                            "owner_id": "496323866215",
                            "revoke_rules_on_delete": "false",
                            "tags.%": "7",
                            "tags.Name": "test-danf_37f4e77c_inspec-training_security_group",
                            "tags.X-Application": "inspec-training",
                            "tags.X-Contact": "dmontanez@chef.io",
                            "tags.X-Customer": "test",
                            "tags.X-Dept": "sales",
                            "tags.X-Project": "danf",
                            "tags.X-TTL": "4",
                            "vpc_id": "vpc-024f8c3f911edd394"
                        },
                        "meta": {
                            "e2bfb730-ecaa-11e6-8f88-34363bc7c4c0": {
                                "create": 600000000000,
                                "delete": 600000000000
                            },
                            "schema_version": "1"
                        },
                        "tainted": false
                    },
                    "deposed": [],
                    "provider": "provider.aws"
                },
                "aws_security_group_rule.egress_allow_0-65535_all": {
                    "type": "aws_security_group_rule",
                    "depends_on": [
                        "aws_security_group.inspec_jumpstart"
                    ],
                    "primary": {
                        "id": "sgrule-2976070703",
                        "attributes": {
                            "cidr_blocks.#": "1",
                            "cidr_blocks.0": "0.0.0.0/0",
                            "from_port": "0",
                            "id": "sgrule-2976070703",
                            "protocol": "-1",
                            "security_group_id": "sg-07778326ff17c00e4",
                            "self": "false",
                            "to_port": "0",
                            "type": "egress"
                        },
                        "meta": {
                            "schema_version": "2"
                        },
                        "tainted": false
                    },
                    "deposed": [],
                    "provider": "provider.aws"
                },
                "aws_security_group_rule.ingress_allow_22_tcp_all": {
                    "type": "aws_security_group_rule",
                    "depends_on": [
                        "aws_security_group.inspec_jumpstart"
                    ],
                    "primary": {
                        "id": "sgrule-2702965250",
                        "attributes": {
                            "cidr_blocks.#": "1",
                            "cidr_blocks.0": "0.0.0.0/0",
                            "from_port": "22",
                            "id": "sgrule-2702965250",
                            "protocol": "tcp",
                            "security_group_id": "sg-07778326ff17c00e4",
                            "self": "false",
                            "to_port": "22",
                            "type": "ingress"
                        },
                        "meta": {
                            "schema_version": "2"
                        },
                        "tainted": false
                    },
                    "deposed": [],
                    "provider": "provider.aws"
                },
                "aws_security_group_rule.ingress_allow_443_tcp_all": {
                    "type": "aws_security_group_rule",
                    "depends_on": [
                        "aws_security_group.inspec_jumpstart"
                    ],
                    "primary": {
                        "id": "sgrule-1159035735",
                        "attributes": {
                            "cidr_blocks.#": "1",
                            "cidr_blocks.0": "0.0.0.0/0",
                            "from_port": "443",
                            "id": "sgrule-1159035735",
                            "protocol": "tcp",
                            "security_group_id": "sg-07778326ff17c00e4",
                            "self": "false",
                            "to_port": "443",
                            "type": "ingress"
                        },
                        "meta": {
                            "schema_version": "2"
                        },
                        "tainted": false
                    },
                    "deposed": [],
                    "provider": "provider.aws"
                },
                "aws_security_group_rule.ingress_allow_8000_tcp_all": {
                    "type": "aws_security_group_rule",
                    "depends_on": [
                        "aws_security_group.inspec_jumpstart"
                    ],
                    "primary": {
                        "id": "sgrule-1985733240",
                        "attributes": {
                            "cidr_blocks.#": "1",
                            "cidr_blocks.0": "0.0.0.0/0",
                            "from_port": "8000",
                            "id": "sgrule-1985733240",
                            "protocol": "tcp",
                            "security_group_id": "sg-07778326ff17c00e4",
                            "self": "false",
                            "to_port": "8000",
                            "type": "ingress"
                        },
                        "meta": {
                            "schema_version": "2"
                        },
                        "tainted": false
                    },
                    "deposed": [],
                    "provider": "provider.aws"
                },
                "aws_security_group_rule.ingress_allow_8080_tcp_all": {
                    "type": "aws_security_group_rule",
                    "depends_on": [
                        "aws_security_group.inspec_jumpstart"
                    ],
                    "primary": {
                        "id": "sgrule-1646686158",
                        "attributes": {
                            "cidr_blocks.#": "1",
                            "cidr_blocks.0": "0.0.0.0/0",
                            "from_port": "8080",
                            "id": "sgrule-1646686158",
                            "protocol": "tcp",
                            "security_group_id": "sg-07778326ff17c00e4",
                            "self": "false",
                            "to_port": "8080",
                            "type": "ingress"
                        },
                        "meta": {
                            "schema_version": "2"
                        },
                        "tainted": false
                    },
                    "deposed": [],
                    "provider": "provider.aws"
                },
                "aws_security_group_rule.ingress_allow_80_tcp_all": {
                    "type": "aws_security_group_rule",
                    "depends_on": [
                        "aws_security_group.inspec_jumpstart"
                    ],
                    "primary": {
                        "id": "sgrule-395421623",
                        "attributes": {
                            "cidr_blocks.#": "1",
                            "cidr_blocks.0": "0.0.0.0/0",
                            "from_port": "80",
                            "id": "sgrule-395421623",
                            "protocol": "tcp",
                            "security_group_id": "sg-07778326ff17c00e4",
                            "self": "false",
                            "to_port": "80",
                            "type": "ingress"
                        },
                        "meta": {
                            "schema_version": "2"
                        },
                        "tainted": false
                    },
                    "deposed": [],
                    "provider": "provider.aws"
                },
                "aws_subnet.inspec_jumpstart_subnet": {
                    "type": "aws_subnet",
                    "depends_on": [
                        "aws_vpc.inspec_jumpstart_vpc"
                    ],
                    "primary": {
                        "id": "subnet-01a69700537b4c81b",
                        "attributes": {
                            "arn": "arn:aws:ec2:us-east-1:496323866215:subnet/subnet-01a69700537b4c81b",
                            "assign_ipv6_address_on_creation": "false",
                            "availability_zone": "us-east-1a",
                            "availability_zone_id": "use1-az6",
                            "cidr_block": "10.0.1.0/24",
                            "id": "subnet-01a69700537b4c81b",
                            "ipv6_cidr_block": "",
                            "ipv6_cidr_block_association_id": "",
                            "map_public_ip_on_launch": "true",
                            "outpost_arn": "",
                            "owner_id": "496323866215",
                            "tags.%": "1",
                            "tags.Name": "danf_inspec_jumpstart_subnet-inspec-training",
                            "vpc_id": "vpc-024f8c3f911edd394"
                        },
                        "meta": {
                            "e2bfb730-ecaa-11e6-8f88-34363bc7c4c0": {
                                "create": 600000000000,
                                "delete": 1200000000000
                            },
                            "schema_version": "1"
                        },
                        "tainted": false
                    },
                    "deposed": [],
                    "provider": "provider.aws"
                },
                "aws_vpc.inspec_jumpstart_vpc": {
                    "type": "aws_vpc",
                    "depends_on": [],
                    "primary": {
                        "id": "vpc-024f8c3f911edd394",
                        "attributes": {
                            "arn": "arn:aws:ec2:us-east-1:496323866215:vpc/vpc-024f8c3f911edd394",
                            "assign_generated_ipv6_cidr_block": "false",
                            "cidr_block": "10.0.0.0/16",
                            "default_network_acl_id": "acl-0c4b4e9f57de1fbc2",
                            "default_route_table_id": "rtb-0f61af6e158d647f0",
                            "default_security_group_id": "sg-0bf074c7f4bb7f8b4",
                            "dhcp_options_id": "dopt-46ae4623",
                            "enable_classiclink": "false",
                            "enable_classiclink_dns_support": "false",
                            "enable_dns_hostnames": "false",
                            "enable_dns_support": "true",
                            "id": "vpc-024f8c3f911edd394",
                            "instance_tenancy": "default",
                            "ipv6_association_id": "",
                            "ipv6_cidr_block": "",
                            "main_route_table_id": "rtb-0f61af6e158d647f0",
                            "owner_id": "496323866215",
                            "tags.%": "7",
                            "tags.Name": "danf-vpc",
                            "tags.X-Application": "inspec-training",
                            "tags.X-Contact": "dmontanez@chef.io",
                            "tags.X-Customer": "test",
                            "tags.X-Dept": "sales",
                            "tags.X-Project": "danf",
                            "tags.X-TTL": "4"
                        },
                        "meta": {
                            "schema_version": "1"
                        },
                        "tainted": false
                    },
                    "deposed": [],
                    "provider": "provider.aws"
                },
                "data.aws_ami.centos": {
                    "type": "aws_ami",
                    "depends_on": [],
                    "primary": {
                        "id": "ami-02ddb83ff84ca592a",
                        "attributes": {
                            "architecture": "x86_64",
                            "block_device_mappings.#": "3",
                            "block_device_mappings.1270490221.device_name": "/dev/sda1",
                            "block_device_mappings.1270490221.ebs.%": "6",
                            "block_device_mappings.1270490221.ebs.delete_on_termination": "false",
                            "block_device_mappings.1270490221.ebs.encrypted": "false",
                            "block_device_mappings.1270490221.ebs.iops": "0",
                            "block_device_mappings.1270490221.ebs.snapshot_id": "snap-09bb471e7a6f9aade",
                            "block_device_mappings.1270490221.ebs.volume_size": "8",
                            "block_device_mappings.1270490221.ebs.volume_type": "gp2",
                            "block_device_mappings.1270490221.no_device": "",
                            "block_device_mappings.1270490221.virtual_name": "",
                            "block_device_mappings.1634610537.device_name": "/dev/sdb",
                            "block_device_mappings.1634610537.ebs.%": "0",
                            "block_device_mappings.1634610537.no_device": "",
                            "block_device_mappings.1634610537.virtual_name": "ephemeral0",
                            "block_device_mappings.3850042718.device_name": "/dev/sdc",
                            "block_device_mappings.3850042718.ebs.%": "0",
                            "block_device_mappings.3850042718.no_device": "",
                            "block_device_mappings.3850042718.virtual_name": "ephemeral1",
                            "creation_date": "2019-10-07T23:29:07.000Z",
                            "description": "High Performance Image for CentOS 7, by Chef. Includes docker, ChefDK, Puppet, AWS SSM Agent, and latest security patches.  https://github.com/irvingpop/packer-chef-highperf-centos7-ami",
                            "filter.#": "2",
                            "filter.3798237073.name": "name",
                            "filter.3798237073.values.#": "1",
                            "filter.3798237073.values.0": "chef-highperf-centos7-*",
                            "filter.490168357.name": "virtualization-type",
                            "filter.490168357.values.#": "1",
                            "filter.490168357.values.0": "hvm",
                            "hypervisor": "xen",
                            "id": "ami-02ddb83ff84ca592a",
                            "image_id": "ami-02ddb83ff84ca592a",
                            "image_location": "446539779517/chef-highperf-centos7-201910072320",
                            "image_type": "machine",
                            "most_recent": "true",
                            "name": "chef-highperf-centos7-201910072320",
                            "owner_id": "446539779517",
                            "owners.#": "1",
                            "owners.0": "446539779517",
                            "product_codes.#": "0",
                            "public": "true",
                            "root_device_name": "/dev/sda1",
                            "root_device_type": "ebs",
                            "root_snapshot_id": "snap-09bb471e7a6f9aade",
                            "sriov_net_support": "simple",
                            "state": "available",
                            "state_reason.%": "2",
                            "state_reason.code": "UNSET",
                            "state_reason.message": "UNSET",
                            "tags.%": "0",
                            "virtualization_type": "hvm"
                        },
                        "meta": {},
                        "tainted": false
                    },
                    "deposed": [],
                    "provider": "provider.aws"
                },
                "data.template_file.setup": {
                    "type": "template_file",
                    "depends_on": [],
                    "primary": {
                        "id": "e3e972067a60e344f5254ab996203213d955da18965ebab9508f7b66db98bdc6",
                        "attributes": {
                            "id": "e3e972067a60e344f5254ab996203213d955da18965ebab9508f7b66db98bdc6",
                            "rendered": "#!/bin/bash\nsed -i \"s/PasswordAuthentication no/PasswordAuthentication yes/g\" /etc/ssh/sshd_config\nsystemctl restart sshd\n\n# Add user chef-training\nuseradd chef-training\nyum install expect -y\n# Set password for user\nSET_PASSWORD=$(expect -c \"\nset timeout 10\nspawn passwd chef-training\nexpect \\\"New password:\\\"\nsend \\\"123Chef321\\r\\\"\nexpect \\\"Retype new password:\\\"\nsend \\\"123Chef321\\r\\\"\nexpect eof\n\")\necho \"$SET_PASSWORD\"\n# # Give user sudo access\nusermod -aG wheel,root chef-training\n\n",
                            "template": "#!/bin/bash\nsed -i \"s/PasswordAuthentication no/PasswordAuthentication yes/g\" /etc/ssh/sshd_config\nsystemctl restart sshd\n\n# Add user chef-training\nuseradd chef-training\nyum install expect -y\n# Set password for user\nSET_PASSWORD=$(expect -c \"\nset timeout 10\nspawn passwd chef-training\nexpect \\\"New password:\\\"\nsend \\\"123Chef321\\r\\\"\nexpect \\\"Retype new password:\\\"\nsend \\\"123Chef321\\r\\\"\nexpect eof\n\")\necho \"$SET_PASSWORD\"\n# # Give user sudo access\nusermod -aG wheel,root chef-training\n\n"
                        },
                        "meta": {},
                        "tainted": false
                    },
                    "deposed": [],
                    "provider": "provider.template"
                },
                "random_id.instance_id": {
                    "type": "random_id",
                    "depends_on": [],
                    "primary": {
                        "id": "N_TnfA",
                        "attributes": {
                            "b64": "N_TnfA",
                            "b64_std": "N/TnfA==",
                            "b64_url": "N_TnfA",
                            "byte_length": "4",
                            "dec": "938796924",
                            "hex": "37f4e77c",
                            "id": "N_TnfA"
                        },
                        "meta": {},
                        "tainted": false
                    },
                    "deposed": [],
                    "provider": "provider.random"
                }
            },
            "depends_on": []
        }
    ]
}
